
Microsoft Visual Studio Solution File, Format Version 12.00
# Visual Studio 15
VisualStudioVersion = 15.0.27004.2005
MinimumVisualStudioVersion = 10.0.40219.1
Project("{D954291E-2A0B-460D-934E-DC6B0785DB48}") = "FanDuelTest", "FanDuelTest\FanDuelTest\FanDuelTest.shproj", "{E4381F0B-C155-4CE6-8036-56FC4FD02B69}"
EndProject
Project("{FAE04EC0-301F-11D3-BF4B-00C04F79EFBC}") = "FanDuelTest.Android", "FanDuelTest\FanDuelTest.Android\FanDuelTest.Android.csproj", "{8F63E66F-25CF-475C-8F23-163BFC6820BD}"
EndProject
Project("{FAE04EC0-301F-11D3-BF4B-00C04F79EFBC}") = "FanDuelTest.iOS", "FanDuelTest\FanDuelTest.iOS\FanDuelTest.iOS.csproj", "{D7D3A103-6A7C-49DF-8513-98D9212E2198}"
EndProject
Project("{FAE04EC0-301F-11D3-BF4B-00C04F79EFBC}") = "FanDuelTest.UWP", "FanDuelTest\FanDuelTest.UWP\FanDuelTest.UWP.csproj", "{F3786BDA-87A6-4101-BB9D-85F73445A384}"
EndProject
Project("{D954291E-2A0B-460D-934E-DC6B0785DB48}") = "FanDuelTest.BusinessObjects", "FanDuelTest.BusinessObjects\FanDuelTest.BusinessObjects.shproj", "{25C82E08-AA36-4EEF-AA12-6C735E105C83}"
EndProject
Project("{D954291E-2A0B-460D-934E-DC6B0785DB48}") = "FanDuelTest.Core", "FanDuelTest.Core\FanDuelTest.Core.shproj", "{9726A6B4-2E91-48D8-A32A-809510FC9C39}"
EndProject
Project("{FAE04EC0-301F-11D3-BF4B-00C04F79EFBC}") = "FanDuelTest.Tests", "FanDuelTest.Tests\FanDuelTest.Tests.csproj", "{0E77E073-8A23-41A1-AA00-5A0E5CA6454B}"
EndProject
Project("{FAE04EC0-301F-11D3-BF4B-00C04F79EFBC}") = "FanDuelTest.TestHelper", "FanDuelTest.TestHelper\FanDuelTest.TestHelper.csproj", "{109556A7-535D-450A-9311-DF0AF52D0C65}"
EndProject
Global
	GlobalSection(SharedMSBuildProjectFiles) = preSolution
		FanDuelTest.BusinessObjects\FanDuelTest.BusinessObjects.projitems*{109556a7-535d-450a-9311-df0af52d0c65}*SharedItemsImports = 4
		FanDuelTest.Core\FanDuelTest.Core.projitems*{109556a7-535d-450a-9311-df0af52d0c65}*SharedItemsImports = 4
		FanDuelTest.BusinessObjects\FanDuelTest.BusinessObjects.projitems*{25c82e08-aa36-4eef-aa12-6c735e105c83}*SharedItemsImports = 13
		FanDuelTest.BusinessObjects\FanDuelTest.BusinessObjects.projitems*{8f63e66f-25cf-475c-8f23-163bfc6820bd}*SharedItemsImports = 4
		FanDuelTest.Core\FanDuelTest.Core.projitems*{8f63e66f-25cf-475c-8f23-163bfc6820bd}*SharedItemsImports = 4
		FanDuelTest\FanDuelTest\FanDuelTest.projitems*{8f63e66f-25cf-475c-8f23-163bfc6820bd}*SharedItemsImports = 4
		FanDuelTest.Core\FanDuelTest.Core.projitems*{9726a6b4-2e91-48d8-a32a-809510fc9c39}*SharedItemsImports = 13
		FanDuelTest.BusinessObjects\FanDuelTest.BusinessObjects.projitems*{d7d3a103-6a7c-49df-8513-98d9212e2198}*SharedItemsImports = 4
		FanDuelTest.Core\FanDuelTest.Core.projitems*{d7d3a103-6a7c-49df-8513-98d9212e2198}*SharedItemsImports = 4
		FanDuelTest\FanDuelTest\FanDuelTest.projitems*{d7d3a103-6a7c-49df-8513-98d9212e2198}*SharedItemsImports = 4
		FanDuelTest\FanDuelTest\FanDuelTest.projitems*{e4381f0b-c155-4ce6-8036-56fc4fd02b69}*SharedItemsImports = 13
		FanDuelTest.BusinessObjects\FanDuelTest.BusinessObjects.projitems*{f3786bda-87a6-4101-bb9d-85f73445a384}*SharedItemsImports = 4
		FanDuelTest.Core\FanDuelTest.Core.projitems*{f3786bda-87a6-4101-bb9d-85f73445a384}*SharedItemsImports = 4
		FanDuelTest\FanDuelTest\FanDuelTest.projitems*{f3786bda-87a6-4101-bb9d-85f73445a384}*SharedItemsImports = 4
	EndGlobalSection
	GlobalSection(SolutionConfigurationPlatforms) = preSolution
		Ad-Hoc|Any CPU = Ad-Hoc|Any CPU
		Ad-Hoc|ARM = Ad-Hoc|ARM
		Ad-Hoc|iPhone = Ad-Hoc|iPhone
		Ad-Hoc|iPhoneSimulator = Ad-Hoc|iPhoneSimulator
		Ad-Hoc|x64 = Ad-Hoc|x64
		Ad-Hoc|x86 = Ad-Hoc|x86
		AppStore|Any CPU = AppStore|Any CPU
		AppStore|ARM = AppStore|ARM
		AppStore|iPhone = AppStore|iPhone
		AppStore|iPhoneSimulator = AppStore|iPhoneSimulator
		AppStore|x64 = AppStore|x64
		AppStore|x86 = AppStore|x86
		Debug|Any CPU = Debug|Any CPU
		Debug|ARM = Debug|ARM
		Debug|iPhone = Debug|iPhone
		Debug|iPhoneSimulator = Debug|iPhoneSimulator
		Debug|x64 = Debug|x64
		Debug|x86 = Debug|x86
		Release|Any CPU = Release|Any CPU
		Release|ARM = Release|ARM
		Release|iPhone = Release|iPhone
		Release|iPhoneSimulator = Release|iPhoneSimulator
		Release|x64 = Release|x64
		Release|x86 = Release|x86
	EndGlobalSection
	GlobalSection(ProjectConfigurationPlatforms) = postSolution
		{8F63E66F-25CF-475C-8F23-163BFC6820BD}.Ad-Hoc|Any CPU.ActiveCfg = Release|Any CPU
		{8F63E66F-25CF-475C-8F23-163BFC6820BD}.Ad-Hoc|Any CPU.Build.0 = Release|Any CPU
		{8F63E66F-25CF-475C-8F23-163BFC6820BD}.Ad-Hoc|Any CPU.Deploy.0 = Release|Any CPU
		{8F63E66F-25CF-475C-8F23-163BFC6820BD}.Ad-Hoc|ARM.ActiveCfg = Release|Any CPU
		{8F63E66F-25CF-475C-8F23-163BFC6820BD}.Ad-Hoc|ARM.Build.0 = Release|Any CPU
		{8F63E66F-25CF-475C-8F23-163BFC6820BD}.Ad-Hoc|ARM.Deploy.0 = Release|Any CPU
		{8F63E66F-25CF-475C-8F23-163BFC6820BD}.Ad-Hoc|iPhone.ActiveCfg = Release|Any CPU
		{8F63E66F-25CF-475C-8F23-163BFC6820BD}.Ad-Hoc|iPhone.Build.0 = Release|Any CPU
		{8F63E66F-25CF-475C-8F23-163BFC6820BD}.Ad-Hoc|iPhone.Deploy.0 = Release|Any CPU
		{8F63E66F-25CF-475C-8F23-163BFC6820BD}.Ad-Hoc|iPhoneSimulator.ActiveCfg = Release|Any CPU
		{8F63E66F-25CF-475C-8F23-163BFC6820BD}.Ad-Hoc|iPhoneSimulator.Build.0 = Release|Any CPU
		{8F63E66F-25CF-475C-8F23-163BFC6820BD}.Ad-Hoc|iPhoneSimulator.Deploy.0 = Release|Any CPU
		{8F63E66F-25CF-475C-8F23-163BFC6820BD}.Ad-Hoc|x64.ActiveCfg = Release|Any CPU
		{8F63E66F-25CF-475C-8F23-163BFC6820BD}.Ad-Hoc|x64.Build.0 = Release|Any CPU
		{8F63E66F-25CF-475C-8F23-163BFC6820BD}.Ad-Hoc|x64.Deploy.0 = Release|Any CPU
		{8F63E66F-25CF-475C-8F23-163BFC6820BD}.Ad-Hoc|x86.ActiveCfg = Release|Any CPU
		{8F63E66F-25CF-475C-8F23-163BFC6820BD}.Ad-Hoc|x86.Build.0 = Release|Any CPU
		{8F63E66F-25CF-475C-8F23-163BFC6820BD}.Ad-Hoc|x86.Deploy.0 = Release|Any CPU
		{8F63E66F-25CF-475C-8F23-163BFC6820BD}.AppStore|Any CPU.ActiveCfg = Release|Any CPU
		{8F63E66F-25CF-475C-8F23-163BFC6820BD}.AppStore|Any CPU.Build.0 = Release|Any CPU
		{8F63E66F-25CF-475C-8F23-163BFC6820BD}.AppStore|Any CPU.Deploy.0 = Release|Any CPU
		{8F63E66F-25CF-475C-8F23-163BFC6820BD}.AppStore|ARM.ActiveCfg = Release|Any CPU
		{8F63E66F-25CF-475C-8F23-163BFC6820BD}.AppStore|ARM.Build.0 = Release|Any CPU
		{8F63E66F-25CF-475C-8F23-163BFC6820BD}.AppStore|ARM.Deploy.0 = Release|Any CPU
		{8F63E66F-25CF-475C-8F23-163BFC6820BD}.AppStore|iPhone.ActiveCfg = Release|Any CPU
		{8F63E66F-25CF-475C-8F23-163BFC6820BD}.AppStore|iPhone.Build.0 = Release|Any CPU
		{8F63E66F-25CF-475C-8F23-163BFC6820BD}.AppStore|iPhone.Deploy.0 = Release|Any CPU
		{8F63E66F-25CF-475C-8F23-163BFC6820BD}.AppStore|iPhoneSimulator.ActiveCfg = Release|Any CPU
		{8F63E66F-25CF-475C-8F23-163BFC6820BD}.AppStore|iPhoneSimulator.Build.0 = Release|Any CPU
		{8F63E66F-25CF-475C-8F23-163BFC6820BD}.AppStore|iPhoneSimulator.Deploy.0 = Release|Any CPU
		{8F63E66F-25CF-475C-8F23-163BFC6820BD}.AppStore|x64.ActiveCfg = Release|Any CPU
		{8F63E66F-25CF-475C-8F23-163BFC6820BD}.AppStore|x64.Build.0 = Release|Any CPU
		{8F63E66F-25CF-475C-8F23-163BFC6820BD}.AppStore|x64.Deploy.0 = Release|Any CPU
		{8F63E66F-25CF-475C-8F23-163BFC6820BD}.AppStore|x86.ActiveCfg = Release|Any CPU
		{8F63E66F-25CF-475C-8F23-163BFC6820BD}.AppStore|x86.Build.0 = Release|Any CPU
		{8F63E66F-25CF-475C-8F23-163BFC6820BD}.AppStore|x86.Deploy.0 = Release|Any CPU
		{8F63E66F-25CF-475C-8F23-163BFC6820BD}.Debug|Any CPU.ActiveCfg = Debug|Any CPU
		{8F63E66F-25CF-475C-8F23-163BFC6820BD}.Debug|Any CPU.Build.0 = Debug|Any CPU
		{8F63E66F-25CF-475C-8F23-163BFC6820BD}.Debug|Any CPU.Deploy.0 = Debug|Any CPU
		{8F63E66F-25CF-475C-8F23-163BFC6820BD}.Debug|ARM.ActiveCfg = Debug|Any CPU
		{8F63E66F-25CF-475C-8F23-163BFC6820BD}.Debug|ARM.Build.0 = Debug|Any CPU
		{8F63E66F-25CF-475C-8F23-163BFC6820BD}.Debug|ARM.Deploy.0 = Debug|Any CPU
		{8F63E66F-25CF-475C-8F23-163BFC6820BD}.Debug|iPhone.ActiveCfg = Debug|Any CPU
		{8F63E66F-25CF-475C-8F23-163BFC6820BD}.Debug|iPhone.Build.0 = Debug|Any CPU
		{8F63E66F-25CF-475C-8F23-163BFC6820BD}.Debug|iPhone.Deploy.0 = Debug|Any CPU
		{8F63E66F-25CF-475C-8F23-163BFC6820BD}.Debug|iPhoneSimulator.ActiveCfg = Debug|Any CPU
		{8F63E66F-25CF-475C-8F23-163BFC6820BD}.Debug|iPhoneSimulator.Build.0 = Debug|Any CPU
		{8F63E66F-25CF-475C-8F23-163BFC6820BD}.Debug|iPhoneSimulator.Deploy.0 = Debug|Any CPU
		{8F63E66F-25CF-475C-8F23-163BFC6820BD}.Debug|x64.ActiveCfg = Debug|Any CPU
		{8F63E66F-25CF-475C-8F23-163BFC6820BD}.Debug|x64.Build.0 = Debug|Any CPU
		{8F63E66F-25CF-475C-8F23-163BFC6820BD}.Debug|x64.Deploy.0 = Debug|Any CPU
		{8F63E66F-25CF-475C-8F23-163BFC6820BD}.Debug|x86.ActiveCfg = Debug|Any CPU
		{8F63E66F-25CF-475C-8F23-163BFC6820BD}.Debug|x86.Build.0 = Debug|Any CPU
		{8F63E66F-25CF-475C-8F23-163BFC6820BD}.Debug|x86.Deploy.0 = Debug|Any CPU
		{8F63E66F-25CF-475C-8F23-163BFC6820BD}.Release|Any CPU.ActiveCfg = Release|Any CPU
		{8F63E66F-25CF-475C-8F23-163BFC6820BD}.Release|Any CPU.Build.0 = Release|Any CPU
		{8F63E66F-25CF-475C-8F23-163BFC6820BD}.Release|Any CPU.Deploy.0 = Release|Any CPU
		{8F63E66F-25CF-475C-8F23-163BFC6820BD}.Release|ARM.ActiveCfg = Release|Any CPU
		{8F63E66F-25CF-475C-8F23-163BFC6820BD}.Release|ARM.Build.0 = Release|Any CPU
		{8F63E66F-25CF-475C-8F23-163BFC6820BD}.Release|ARM.Deploy.0 = Release|Any CPU
		{8F63E66F-25CF-475C-8F23-163BFC6820BD}.Release|iPhone.ActiveCfg = Release|Any CPU
		{8F63E66F-25CF-475C-8F23-163BFC6820BD}.Release|iPhone.Build.0 = Release|Any CPU
		{8F63E66F-25CF-475C-8F23-163BFC6820BD}.Release|iPhone.Deploy.0 = Release|Any CPU
		{8F63E66F-25CF-475C-8F23-163BFC6820BD}.Release|iPhoneSimulator.ActiveCfg = Release|Any CPU
		{8F63E66F-25CF-475C-8F23-163BFC6820BD}.Release|iPhoneSimulator.Build.0 = Release|Any CPU
		{8F63E66F-25CF-475C-8F23-163BFC6820BD}.Release|iPhoneSimulator.Deploy.0 = Release|Any CPU
		{8F63E66F-25CF-475C-8F23-163BFC6820BD}.Release|x64.ActiveCfg = Release|Any CPU
		{8F63E66F-25CF-475C-8F23-163BFC6820BD}.Release|x64.Build.0 = Release|Any CPU
		{8F63E66F-25CF-475C-8F23-163BFC6820BD}.Release|x64.Deploy.0 = Release|Any CPU
		{8F63E66F-25CF-475C-8F23-163BFC6820BD}.Release|x86.ActiveCfg = Release|Any CPU
		{8F63E66F-25CF-475C-8F23-163BFC6820BD}.Release|x86.Build.0 = Release|Any CPU
		{8F63E66F-25CF-475C-8F23-163BFC6820BD}.Release|x86.Deploy.0 = Release|Any CPU
		{D7D3A103-6A7C-49DF-8513-98D9212E2198}.Ad-Hoc|Any CPU.ActiveCfg = Ad-Hoc|iPhoneSimulator
		{D7D3A103-6A7C-49DF-8513-98D9212E2198}.Ad-Hoc|ARM.ActiveCfg = Ad-Hoc|iPhone
		{D7D3A103-6A7C-49DF-8513-98D9212E2198}.Ad-Hoc|iPhone.ActiveCfg = Ad-Hoc|iPhone
		{D7D3A103-6A7C-49DF-8513-98D9212E2198}.Ad-Hoc|iPhone.Build.0 = Ad-Hoc|iPhone
		{D7D3A103-6A7C-49DF-8513-98D9212E2198}.Ad-Hoc|iPhoneSimulator.ActiveCfg = Ad-Hoc|iPhoneSimulator
		{D7D3A103-6A7C-49DF-8513-98D9212E2198}.Ad-Hoc|iPhoneSimulator.Build.0 = Ad-Hoc|iPhoneSimulator
		{D7D3A103-6A7C-49DF-8513-98D9212E2198}.Ad-Hoc|x64.ActiveCfg = Ad-Hoc|iPhone
		{D7D3A103-6A7C-49DF-8513-98D9212E2198}.Ad-Hoc|x86.ActiveCfg = Ad-Hoc|iPhone
		{D7D3A103-6A7C-49DF-8513-98D9212E2198}.AppStore|Any CPU.ActiveCfg = AppStore|iPhoneSimulator
		{D7D3A103-6A7C-49DF-8513-98D9212E2198}.AppStore|ARM.ActiveCfg = AppStore|iPhone
		{D7D3A103-6A7C-49DF-8513-98D9212E2198}.AppStore|iPhone.ActiveCfg = AppStore|iPhone
		{D7D3A103-6A7C-49DF-8513-98D9212E2198}.AppStore|iPhone.Build.0 = AppStore|iPhone
		{D7D3A103-6A7C-49DF-8513-98D9212E2198}.AppStore|iPhoneSimulator.ActiveCfg = AppStore|iPhoneSimulator
		{D7D3A103-6A7C-49DF-8513-98D9212E2198}.AppStore|iPhoneSimulator.Build.0 = AppStore|iPhoneSimulator
		{D7D3A103-6A7C-49DF-8513-98D9212E2198}.AppStore|x64.ActiveCfg = AppStore|iPhone
		{D7D3A103-6A7C-49DF-8513-98D9212E2198}.AppStore|x86.ActiveCfg = AppStore|iPhone
		{D7D3A103-6A7C-49DF-8513-98D9212E2198}.Debug|Any CPU.ActiveCfg = Debug|iPhoneSimulator
		{D7D3A103-6A7C-49DF-8513-98D9212E2198}.Debug|ARM.ActiveCfg = Debug|iPhone
		{D7D3A103-6A7C-49DF-8513-98D9212E2198}.Debug|iPhone.ActiveCfg = Debug|iPhone
		{D7D3A103-6A7C-49DF-8513-98D9212E2198}.Debug|iPhone.Build.0 = Debug|iPhone
		{D7D3A103-6A7C-49DF-8513-98D9212E2198}.Debug|iPhoneSimulator.ActiveCfg = Debug|iPhoneSimulator
		{D7D3A103-6A7C-49DF-8513-98D9212E2198}.Debug|iPhoneSimulator.Build.0 = Debug|iPhoneSimulator
		{D7D3A103-6A7C-49DF-8513-98D9212E2198}.Debug|x64.ActiveCfg = Debug|iPhone
		{D7D3A103-6A7C-49DF-8513-98D9212E2198}.Debug|x86.ActiveCfg = Debug|iPhone
		{D7D3A103-6A7C-49DF-8513-98D9212E2198}.Release|Any CPU.ActiveCfg = Release|iPhoneSimulator
		{D7D3A103-6A7C-49DF-8513-98D9212E2198}.Release|ARM.ActiveCfg = Release|iPhone
		{D7D3A103-6A7C-49DF-8513-98D9212E2198}.Release|iPhone.ActiveCfg = Release|iPhone
		{D7D3A103-6A7C-49DF-8513-98D9212E2198}.Release|iPhone.Build.0 = Release|iPhone
		{D7D3A103-6A7C-49DF-8513-98D9212E2198}.Release|iPhoneSimulator.ActiveCfg = Release|iPhoneSimulator
		{D7D3A103-6A7C-49DF-8513-98D9212E2198}.Release|iPhoneSimulator.Build.0 = Release|iPhoneSimulator
		{D7D3A103-6A7C-49DF-8513-98D9212E2198}.Release|x64.ActiveCfg = Release|iPhone
		{D7D3A103-6A7C-49DF-8513-98D9212E2198}.Release|x86.ActiveCfg = Release|iPhone
		{F3786BDA-87A6-4101-BB9D-85F73445A384}.Ad-Hoc|Any CPU.ActiveCfg = Release|x86
		{F3786BDA-87A6-4101-BB9D-85F73445A384}.Ad-Hoc|Any CPU.Build.0 = Release|x86
		{F3786BDA-87A6-4101-BB9D-85F73445A384}.Ad-Hoc|Any CPU.Deploy.0 = Release|x86
		{F3786BDA-87A6-4101-BB9D-85F73445A384}.Ad-Hoc|ARM.ActiveCfg = Release|ARM
		{F3786BDA-87A6-4101-BB9D-85F73445A384}.Ad-Hoc|ARM.Build.0 = Release|ARM
		{F3786BDA-87A6-4101-BB9D-85F73445A384}.Ad-Hoc|ARM.Deploy.0 = Release|ARM
		{F3786BDA-87A6-4101-BB9D-85F73445A384}.Ad-Hoc|iPhone.ActiveCfg = Release|x86
		{F3786BDA-87A6-4101-BB9D-85F73445A384}.Ad-Hoc|iPhone.Build.0 = Release|x86
		{F3786BDA-87A6-4101-BB9D-85F73445A384}.Ad-Hoc|iPhone.Deploy.0 = Release|x86
		{F3786BDA-87A6-4101-BB9D-85F73445A384}.Ad-Hoc|iPhoneSimulator.ActiveCfg = Release|x86
		{F3786BDA-87A6-4101-BB9D-85F73445A384}.Ad-Hoc|iPhoneSimulator.Build.0 = Release|x86
		{F3786BDA-87A6-4101-BB9D-85F73445A384}.Ad-Hoc|iPhoneSimulator.Deploy.0 = Release|x86
		{F3786BDA-87A6-4101-BB9D-85F73445A384}.Ad-Hoc|x64.ActiveCfg = Release|x64
		{F3786BDA-87A6-4101-BB9D-85F73445A384}.Ad-Hoc|x64.Build.0 = Release|x64
		{F3786BDA-87A6-4101-BB9D-85F73445A384}.Ad-Hoc|x64.Deploy.0 = Release|x64
		{F3786BDA-87A6-4101-BB9D-85F73445A384}.Ad-Hoc|x86.ActiveCfg = Release|x86
		{F3786BDA-87A6-4101-BB9D-85F73445A384}.Ad-Hoc|x86.Build.0 = Release|x86
		{F3786BDA-87A6-4101-BB9D-85F73445A384}.Ad-Hoc|x86.Deploy.0 = Release|x86
		{F3786BDA-87A6-4101-BB9D-85F73445A384}.AppStore|Any CPU.ActiveCfg = Release|x86
		{F3786BDA-87A6-4101-BB9D-85F73445A384}.AppStore|Any CPU.Build.0 = Release|x86
		{F3786BDA-87A6-4101-BB9D-85F73445A384}.AppStore|Any CPU.Deploy.0 = Release|x86
		{F3786BDA-87A6-4101-BB9D-85F73445A384}.AppStore|ARM.ActiveCfg = Release|ARM
		{F3786BDA-87A6-4101-BB9D-85F73445A384}.AppStore|ARM.Build.0 = Release|ARM
		{F3786BDA-87A6-4101-BB9D-85F73445A384}.AppStore|ARM.Deploy.0 = Release|ARM
		{F3786BDA-87A6-4101-BB9D-85F73445A384}.AppStore|iPhone.ActiveCfg = Release|x86
		{F3786BDA-87A6-4101-BB9D-85F73445A384}.AppStore|iPhone.Build.0 = Release|x86
		{F3786BDA-87A6-4101-BB9D-85F73445A384}.AppStore|iPhone.Deploy.0 = Release|x86
		{F3786BDA-87A6-4101-BB9D-85F73445A384}.AppStore|iPhoneSimulator.ActiveCfg = Release|x86
		{F3786BDA-87A6-4101-BB9D-85F73445A384}.AppStore|iPhoneSimulator.Build.0 = Release|x86
		{F3786BDA-87A6-4101-BB9D-85F73445A384}.AppStore|iPhoneSimulator.Deploy.0 = Release|x86
		{F3786BDA-87A6-4101-BB9D-85F73445A384}.AppStore|x64.ActiveCfg = Release|x64
		{F3786BDA-87A6-4101-BB9D-85F73445A384}.AppStore|x64.Build.0 = Release|x64
		{F3786BDA-87A6-4101-BB9D-85F73445A384}.AppStore|x64.Deploy.0 = Release|x64
		{F3786BDA-87A6-4101-BB9D-85F73445A384}.AppStore|x86.ActiveCfg = Release|x86
		{F3786BDA-87A6-4101-BB9D-85F73445A384}.AppStore|x86.Build.0 = Release|x86
		{F3786BDA-87A6-4101-BB9D-85F73445A384}.AppStore|x86.Deploy.0 = Release|x86
		{F3786BDA-87A6-4101-BB9D-85F73445A384}.Debug|Any CPU.ActiveCfg = Debug|x86
		{F3786BDA-87A6-4101-BB9D-85F73445A384}.Debug|ARM.ActiveCfg = Debug|ARM
		{F3786BDA-87A6-4101-BB9D-85F73445A384}.Debug|ARM.Build.0 = Debug|ARM
		{F3786BDA-87A6-4101-BB9D-85F73445A384}.Debug|ARM.Deploy.0 = Debug|ARM
		{F3786BDA-87A6-4101-BB9D-85F73445A384}.Debug|iPhone.ActiveCfg = Debug|x86
		{F3786BDA-87A6-4101-BB9D-85F73445A384}.Debug|iPhoneSimulator.ActiveCfg = Debug|x86
		{F3786BDA-87A6-4101-BB9D-85F73445A384}.Debug|x64.ActiveCfg = Debug|x64
		{F3786BDA-87A6-4101-BB9D-85F73445A384}.Debug|x64.Build.0 = Debug|x64
		{F3786BDA-87A6-4101-BB9D-85F73445A384}.Debug|x64.Deploy.0 = Debug|x64
		{F3786BDA-87A6-4101-BB9D-85F73445A384}.Debug|x86.ActiveCfg = Debug|x86
		{F3786BDA-87A6-4101-BB9D-85F73445A384}.Debug|x86.Build.0 = Debug|x86
		{F3786BDA-87A6-4101-BB9D-85F73445A384}.Debug|x86.Deploy.0 = Debug|x86
		{F3786BDA-87A6-4101-BB9D-85F73445A384}.Release|Any CPU.ActiveCfg = Release|x86
		{F3786BDA-87A6-4101-BB9D-85F73445A384}.Release|ARM.ActiveCfg = Release|ARM
		{F3786BDA-87A6-4101-BB9D-85F73445A384}.Release|ARM.Build.0 = Release|ARM
		{F3786BDA-87A6-4101-BB9D-85F73445A384}.Release|ARM.Deploy.0 = Release|ARM
		{F3786BDA-87A6-4101-BB9D-85F73445A384}.Release|iPhone.ActiveCfg = Release|x86
		{F3786BDA-87A6-4101-BB9D-85F73445A384}.Release|iPhoneSimulator.ActiveCfg = Release|x86
		{F3786BDA-87A6-4101-BB9D-85F73445A384}.Release|x64.ActiveCfg = Release|x64
		{F3786BDA-87A6-4101-BB9D-85F73445A384}.Release|x64.Build.0 = Release|x64
		{F3786BDA-87A6-4101-BB9D-85F73445A384}.Release|x64.Deploy.0 = Release|x64
		{F3786BDA-87A6-4101-BB9D-85F73445A384}.Release|x86.ActiveCfg = Release|x86
		{F3786BDA-87A6-4101-BB9D-85F73445A384}.Release|x86.Build.0 = Release|x86
		{F3786BDA-87A6-4101-BB9D-85F73445A384}.Release|x86.Deploy.0 = Release|x86
		{0E77E073-8A23-41A1-AA00-5A0E5CA6454B}.Ad-Hoc|Any CPU.ActiveCfg = Release|Any CPU
		{0E77E073-8A23-41A1-AA00-5A0E5CA6454B}.Ad-Hoc|Any CPU.Build.0 = Release|Any CPU
		{0E77E073-8A23-41A1-AA00-5A0E5CA6454B}.Ad-Hoc|ARM.ActiveCfg = Release|Any CPU
		{0E77E073-8A23-41A1-AA00-5A0E5CA6454B}.Ad-Hoc|ARM.Build.0 = Release|Any CPU
		{0E77E073-8A23-41A1-AA00-5A0E5CA6454B}.Ad-Hoc|iPhone.ActiveCfg = Release|Any CPU
		{0E77E073-8A23-41A1-AA00-5A0E5CA6454B}.Ad-Hoc|iPhone.Build.0 = Release|Any CPU
		{0E77E073-8A23-41A1-AA00-5A0E5CA6454B}.Ad-Hoc|iPhoneSimulator.ActiveCfg = Release|Any CPU
		{0E77E073-8A23-41A1-AA00-5A0E5CA6454B}.Ad-Hoc|iPhoneSimulator.Build.0 = Release|Any CPU
		{0E77E073-8A23-41A1-AA00-5A0E5CA6454B}.Ad-Hoc|x64.ActiveCfg = Release|Any CPU
		{0E77E073-8A23-41A1-AA00-5A0E5CA6454B}.Ad-Hoc|x64.Build.0 = Release|Any CPU
		{0E77E073-8A23-41A1-AA00-5A0E5CA6454B}.Ad-Hoc|x86.ActiveCfg = Release|Any CPU
		{0E77E073-8A23-41A1-AA00-5A0E5CA6454B}.Ad-Hoc|x86.Build.0 = Release|Any CPU
		{0E77E073-8A23-41A1-AA00-5A0E5CA6454B}.AppStore|Any CPU.ActiveCfg = Release|Any CPU
		{0E77E073-8A23-41A1-AA00-5A0E5CA6454B}.AppStore|Any CPU.Build.0 = Release|Any CPU
		{0E77E073-8A23-41A1-AA00-5A0E5CA6454B}.AppStore|ARM.ActiveCfg = Release|Any CPU
		{0E77E073-8A23-41A1-AA00-5A0E5CA6454B}.AppStore|ARM.Build.0 = Release|Any CPU
		{0E77E073-8A23-41A1-AA00-5A0E5CA6454B}.AppStore|iPhone.ActiveCfg = Release|Any CPU
		{0E77E073-8A23-41A1-AA00-5A0E5CA6454B}.AppStore|iPhone.Build.0 = Release|Any CPU
		{0E77E073-8A23-41A1-AA00-5A0E5CA6454B}.AppStore|iPhoneSimulator.ActiveCfg = Release|Any CPU
		{0E77E073-8A23-41A1-AA00-5A0E5CA6454B}.AppStore|iPhoneSimulator.Build.0 = Release|Any CPU
		{0E77E073-8A23-41A1-AA00-5A0E5CA6454B}.AppStore|x64.ActiveCfg = Release|Any CPU
		{0E77E073-8A23-41A1-AA00-5A0E5CA6454B}.AppStore|x64.Build.0 = Release|Any CPU
		{0E77E073-8A23-41A1-AA00-5A0E5CA6454B}.AppStore|x86.ActiveCfg = Release|Any CPU
		{0E77E073-8A23-41A1-AA00-5A0E5CA6454B}.AppStore|x86.Build.0 = Release|Any CPU
		{0E77E073-8A23-41A1-AA00-5A0E5CA6454B}.Debug|Any CPU.ActiveCfg = Debug|Any CPU
		{0E77E073-8A23-41A1-AA00-5A0E5CA6454B}.Debug|Any CPU.Build.0 = Debug|Any CPU
		{0E77E073-8A23-41A1-AA00-5A0E5CA6454B}.Debug|ARM.ActiveCfg = Debug|Any CPU
		{0E77E073-8A23-41A1-AA00-5A0E5CA6454B}.Debug|ARM.Build.0 = Debug|Any CPU
		{0E77E073-8A23-41A1-AA00-5A0E5CA6454B}.Debug|iPhone.ActiveCfg = Debug|Any CPU
		{0E77E073-8A23-41A1-AA00-5A0E5CA6454B}.Debug|iPhone.Build.0 = Debug|Any CPU
		{0E77E073-8A23-41A1-AA00-5A0E5CA6454B}.Debug|iPhoneSimulator.ActiveCfg = Debug|Any CPU
		{0E77E073-8A23-41A1-AA00-5A0E5CA6454B}.Debug|iPhoneSimulator.Build.0 = Debug|Any CPU
		{0E77E073-8A23-41A1-AA00-5A0E5CA6454B}.Debug|x64.ActiveCfg = Debug|Any CPU
		{0E77E073-8A23-41A1-AA00-5A0E5CA6454B}.Debug|x64.Build.0 = Debug|Any CPU
		{0E77E073-8A23-41A1-AA00-5A0E5CA6454B}.Debug|x86.ActiveCfg = Debug|Any CPU
		{0E77E073-8A23-41A1-AA00-5A0E5CA6454B}.Debug|x86.Build.0 = Debug|Any CPU
		{0E77E073-8A23-41A1-AA00-5A0E5CA6454B}.Release|Any CPU.ActiveCfg = Release|Any CPU
		{0E77E073-8A23-41A1-AA00-5A0E5CA6454B}.Release|Any CPU.Build.0 = Release|Any CPU
		{0E77E073-8A23-41A1-AA00-5A0E5CA6454B}.Release|ARM.ActiveCfg = Release|Any CPU
		{0E77E073-8A23-41A1-AA00-5A0E5CA6454B}.Release|ARM.Build.0 = Release|Any CPU
		{0E77E073-8A23-41A1-AA00-5A0E5CA6454B}.Release|iPhone.ActiveCfg = Release|Any CPU
		{0E77E073-8A23-41A1-AA00-5A0E5CA6454B}.Release|iPhone.Build.0 = Release|Any CPU
		{0E77E073-8A23-41A1-AA00-5A0E5CA6454B}.Release|iPhoneSimulator.ActiveCfg = Release|Any CPU
		{0E77E073-8A23-41A1-AA00-5A0E5CA6454B}.Release|iPhoneSimulator.Build.0 = Release|Any CPU
		{0E77E073-8A23-41A1-AA00-5A0E5CA6454B}.Release|x64.ActiveCfg = Release|Any CPU
		{0E77E073-8A23-41A1-AA00-5A0E5CA6454B}.Release|x64.Build.0 = Release|Any CPU
		{0E77E073-8A23-41A1-AA00-5A0E5CA6454B}.Release|x86.ActiveCfg = Release|Any CPU
		{0E77E073-8A23-41A1-AA00-5A0E5CA6454B}.Release|x86.Build.0 = Release|Any CPU
		{109556A7-535D-450A-9311-DF0AF52D0C65}.Ad-Hoc|Any CPU.ActiveCfg = Release|Any CPU
		{109556A7-535D-450A-9311-DF0AF52D0C65}.Ad-Hoc|Any CPU.Build.0 = Release|Any CPU
		{109556A7-535D-450A-9311-DF0AF52D0C65}.Ad-Hoc|ARM.ActiveCfg = Release|Any CPU
		{109556A7-535D-450A-9311-DF0AF52D0C65}.Ad-Hoc|ARM.Build.0 = Release|Any CPU
		{109556A7-535D-450A-9311-DF0AF52D0C65}.Ad-Hoc|iPhone.ActiveCfg = Release|Any CPU
		{109556A7-535D-450A-9311-DF0AF52D0C65}.Ad-Hoc|iPhone.Build.0 = Release|Any CPU
		{109556A7-535D-450A-9311-DF0AF52D0C65}.Ad-Hoc|iPhoneSimulator.ActiveCfg = Release|Any CPU
		{109556A7-535D-450A-9311-DF0AF52D0C65}.Ad-Hoc|iPhoneSimulator.Build.0 = Release|Any CPU
		{109556A7-535D-450A-9311-DF0AF52D0C65}.Ad-Hoc|x64.ActiveCfg = Release|Any CPU
		{109556A7-535D-450A-9311-DF0AF52D0C65}.Ad-Hoc|x64.Build.0 = Release|Any CPU
		{109556A7-535D-450A-9311-DF0AF52D0C65}.Ad-Hoc|x86.ActiveCfg = Release|Any CPU
		{109556A7-535D-450A-9311-DF0AF52D0C65}.Ad-Hoc|x86.Build.0 = Release|Any CPU
		{109556A7-535D-450A-9311-DF0AF52D0C65}.AppStore|Any CPU.ActiveCfg = Release|Any CPU
		{109556A7-535D-450A-9311-DF0AF52D0C65}.AppStore|Any CPU.Build.0 = Release|Any CPU
		{109556A7-535D-450A-9311-DF0AF52D0C65}.AppStore|ARM.ActiveCfg = Release|Any CPU
		{109556A7-535D-450A-9311-DF0AF52D0C65}.AppStore|ARM.Build.0 = Release|Any CPU
		{109556A7-535D-450A-9311-DF0AF52D0C65}.AppStore|iPhone.ActiveCfg = Release|Any CPU
		{109556A7-535D-450A-9311-DF0AF52D0C65}.AppStore|iPhone.Build.0 = Release|Any CPU
		{109556A7-535D-450A-9311-DF0AF52D0C65}.AppStore|iPhoneSimulator.ActiveCfg = Release|Any CPU
		{109556A7-535D-450A-9311-DF0AF52D0C65}.AppStore|iPhoneSimulator.Build.0 = Release|Any CPU
		{109556A7-535D-450A-9311-DF0AF52D0C65}.AppStore|x64.ActiveCfg = Release|Any CPU
		{109556A7-535D-450A-9311-DF0AF52D0C65}.AppStore|x64.Build.0 = Release|Any CPU
		{109556A7-535D-450A-9311-DF0AF52D0C65}.AppStore|x86.ActiveCfg = Release|Any CPU
		{109556A7-535D-450A-9311-DF0AF52D0C65}.AppStore|x86.Build.0 = Release|Any CPU
		{109556A7-535D-450A-9311-DF0AF52D0C65}.Debug|Any CPU.ActiveCfg = Debug|Any CPU
		{109556A7-535D-450A-9311-DF0AF52D0C65}.Debug|Any CPU.Build.0 = Debug|Any CPU
		{109556A7-535D-450A-9311-DF0AF52D0C65}.Debug|ARM.ActiveCfg = Debug|Any CPU
		{109556A7-535D-450A-9311-DF0AF52D0C65}.Debug|ARM.Build.0 = Debug|Any CPU
		{109556A7-535D-450A-9311-DF0AF52D0C65}.Debug|iPhone.ActiveCfg = Debug|Any CPU
		{109556A7-535D-450A-9311-DF0AF52D0C65}.Debug|iPhone.Build.0 = Debug|Any CPU
		{109556A7-535D-450A-9311-DF0AF52D0C65}.Debug|iPhoneSimulator.ActiveCfg = Debug|Any CPU
		{109556A7-535D-450A-9311-DF0AF52D0C65}.Debug|iPhoneSimulator.Build.0 = Debug|Any CPU
		{109556A7-535D-450A-9311-DF0AF52D0C65}.Debug|x64.ActiveCfg = Debug|Any CPU
		{109556A7-535D-450A-9311-DF0AF52D0C65}.Debug|x64.Build.0 = Debug|Any CPU
		{109556A7-535D-450A-9311-DF0AF52D0C65}.Debug|x86.ActiveCfg = Debug|Any CPU
		{109556A7-535D-450A-9311-DF0AF52D0C65}.Debug|x86.Build.0 = Debug|Any CPU
		{109556A7-535D-450A-9311-DF0AF52D0C65}.Release|Any CPU.ActiveCfg = Release|Any CPU
		{109556A7-535D-450A-9311-DF0AF52D0C65}.Release|Any CPU.Build.0 = Release|Any CPU
		{109556A7-535D-450A-9311-DF0AF52D0C65}.Release|ARM.ActiveCfg = Release|Any CPU
		{109556A7-535D-450A-9311-DF0AF52D0C65}.Release|ARM.Build.0 = Release|Any CPU
		{109556A7-535D-450A-9311-DF0AF52D0C65}.Release|iPhone.ActiveCfg = Release|Any CPU
		{109556A7-535D-450A-9311-DF0AF52D0C65}.Release|iPhone.Build.0 = Release|Any CPU
		{109556A7-535D-450A-9311-DF0AF52D0C65}.Release|iPhoneSimulator.ActiveCfg = Release|Any CPU
		{109556A7-535D-450A-9311-DF0AF52D0C65}.Release|iPhoneSimulator.Build.0 = Release|Any CPU
		{109556A7-535D-450A-9311-DF0AF52D0C65}.Release|x64.ActiveCfg = Release|Any CPU
		{109556A7-535D-450A-9311-DF0AF52D0C65}.Release|x64.Build.0 = Release|Any CPU
		{109556A7-535D-450A-9311-DF0AF52D0C65}.Release|x86.ActiveCfg = Release|Any CPU
		{109556A7-535D-450A-9311-DF0AF52D0C65}.Release|x86.Build.0 = Release|Any CPU
	EndGlobalSection
	GlobalSection(SolutionProperties) = preSolution
		HideSolutionNode = FALSE
	EndGlobalSection
	GlobalSection(ExtensibilityGlobals) = postSolution
		SolutionGuid = {74EA6299-6310-42CD-93C0-A9B90C611A03}
	EndGlobalSection
EndGlobal
